
Microsoft Visual Studio Solution File, Format Version 12.00
# Visual Studio Version 17
VisualStudioVersion = 17.0.32014.148
MinimumVisualStudioVersion = 10.0.40219.1
Project("{9A19103F-16F7-4668-BE54-9A1E7A4F7556}") = "AccessControlProject.WPF", "UI\AccessControlProject.WPF\AccessControlProject.WPF.csproj", "{8853DF4D-991B-4B58-B6B2-2E5C38A4A393}"
EndProject
Project("{9A19103F-16F7-4668-BE54-9A1E7A4F7556}") = "AccessControlProject.Domain", "Common\AccessControlProject.Domain\AccessControlProject.Domain.csproj", "{964F1EC5-477B-4478-8C22-3DD9897C0071}"
EndProject
Project("{9A19103F-16F7-4668-BE54-9A1E7A4F7556}") = "AccessControlProject.Interfaces", "Common\AccessControlProject.Interfaces\AccessControlProject.Interfaces.csproj", "{C0F469A5-41E6-4ACC-A19B-E3A670F859F2}"
EndProject
Project("{9A19103F-16F7-4668-BE54-9A1E7A4F7556}") = "AccessControlProject.Dto", "Common\AccessControlProject.Dto\AccessControlProject.Dto.csproj", "{F86EEA96-730B-4D7D-AE1D-E9A601FFB23F}"
EndProject
Global
	GlobalSection(SolutionConfigurationPlatforms) = preSolution
		Debug|Any CPU = Debug|Any CPU
		Release|Any CPU = Release|Any CPU
	EndGlobalSection
	GlobalSection(ProjectConfigurationPlatforms) = postSolution
		{8853DF4D-991B-4B58-B6B2-2E5C38A4A393}.Debug|Any CPU.ActiveCfg = Debug|Any CPU
		{8853DF4D-991B-4B58-B6B2-2E5C38A4A393}.Debug|Any CPU.Build.0 = Debug|Any CPU
		{8853DF4D-991B-4B58-B6B2-2E5C38A4A393}.Release|Any CPU.ActiveCfg = Release|Any CPU
		{8853DF4D-991B-4B58-B6B2-2E5C38A4A393}.Release|Any CPU.Build.0 = Release|Any CPU
		{964F1EC5-477B-4478-8C22-3DD9897C0071}.Debug|Any CPU.ActiveCfg = Debug|Any CPU
		{964F1EC5-477B-4478-8C22-3DD9897C0071}.Debug|Any CPU.Build.0 = Debug|Any CPU
		{964F1EC5-477B-4478-8C22-3DD9897C0071}.Release|Any CPU.ActiveCfg = Release|Any CPU
		{964F1EC5-477B-4478-8C22-3DD9897C0071}.Release|Any CPU.Build.0 = Release|Any CPU
		{C0F469A5-41E6-4ACC-A19B-E3A670F859F2}.Debug|Any CPU.ActiveCfg = Debug|Any CPU
		{C0F469A5-41E6-4ACC-A19B-E3A670F859F2}.Debug|Any CPU.Build.0 = Debug|Any CPU
		{C0F469A5-41E6-4ACC-A19B-E3A670F859F2}.Release|Any CPU.ActiveCfg = Release|Any CPU
		{C0F469A5-41E6-4ACC-A19B-E3A670F859F2}.Release|Any CPU.Build.0 = Release|Any CPU
		{F86EEA96-730B-4D7D-AE1D-E9A601FFB23F}.Debug|Any CPU.ActiveCfg = Debug|Any CPU
		{F86EEA96-730B-4D7D-AE1D-E9A601FFB23F}.Debug|Any CPU.Build.0 = Debug|Any CPU
		{F86EEA96-730B-4D7D-AE1D-E9A601FFB23F}.Release|Any CPU.ActiveCfg = Release|Any CPU
		{F86EEA96-730B-4D7D-AE1D-E9A601FFB23F}.Release|Any CPU.Build.0 = Release|Any CPU
	EndGlobalSection
	GlobalSection(SolutionProperties) = preSolution
		HideSolutionNode = FALSE
	EndGlobalSection
	GlobalSection(ExtensibilityGlobals) = postSolution
		SolutionGuid = {E1533CE7-1942-45D4-9F30-2C2EA1B93515}
	EndGlobalSection
EndGlobal
